{
    "_readme": [
        "This file locks the dependencies of your project to a known state",
        "Read more about it at https://getcomposer.org/doc/01-basic-usage.md#installing-dependencies",
        "This file is @generated automatically"
    ],
    "content-hash": "e043a5d813433747a2793f4c395edc88",
    "packages": [
        {
            "name": "dashifen/debugging",
            "version": "1.0.0",
            "source": {
                "type": "git",
                "url": "https://github.com/dashifen/debugging.git",
                "reference": "2443dbf994351e94ffa36ea992b1a5b8b87250e8"
            },
            "dist": {
                "type": "zip",
                "url": "https://api.github.com/repos/dashifen/debugging/zipball/2443dbf994351e94ffa36ea992b1a5b8b87250e8",
                "reference": "2443dbf994351e94ffa36ea992b1a5b8b87250e8",
                "shasum": ""
            },
            "type": "library",
            "autoload": {
                "psr-4": {
                    "Dashifen\\Debugging\\": "src"
                }
            },
            "notification-url": "https://packagist.org/downloads/",
            "license": [
                "MIT"
            ],
            "authors": [
                {
                    "name": "David Dashifen Kees",
                    "email": "dashifen@dashifen.com",
                    "role": "developer"
                }
            ],
            "description": "A PHP Trait that defines static methods used for on-screen debugging.",
            "time": "2020-08-02T14:27:05+00:00"
        }
    ],
    "packages-dev": [],
    "aliases": [],
    "minimum-stability": "stable",
    "stability-flags": [],
    "prefer-stable": false,
    "prefer-lowest": false,
    "platform": [],
    "platform-dev": [],
    "plugin-api-version": "1.1.0"
}
